# This file is autogenerated, do not edit; changes may be undone by the next 'dep ensure'.


[[projects]]
  branch = "master"
  name = "github.com/heppu/simple-cors"
  packages = ["."]
  revision = "543cdec07e0c196abd48c5d966c0a0684cc47308"

[[projects]]
  name = "goji.io"
  packages = [".","internal","pat","pattern"]
  revision = "0d89ff54b2c18c9c4ba530e32496aef902d3c6cd"
  version = "v2.0"

[solve-meta]
  analyzer-name = "dep"
  analyzer-version = 1
  inputs-digest = "08e1707148551fe859338634850f4fe48e11c8746c3534880b0033f04e848809"
  solver-name = "gps-cdcl"
  solver-version = 1
