# This file is autogenerated, do not edit; changes may be undone by the next 'dep ensure'.


[[projects]]
  name = "github.com/dgrijalva/jwt-go"
  packages = ["."]
  revision = "06ea1031745cb8b3dab3f6a236daf2b0aa468b7e"
  version = "v3.2.0"

[[projects]]
  branch = "master"
  name = "github.com/heppu/simple-cors"
  packages = ["."]
  revision = "543cdec07e0c196abd48c5d966c0a0684cc47308"

[[projects]]
  name = "goji.io"
  packages = [".","internal","pat","pattern"]
  revision = "0d89ff54b2c18c9c4ba530e32496aef902d3c6cd"
  version = "v2.0"

[solve-meta]
  analyzer-name = "dep"
  analyzer-version = 1
  inputs-digest = "2e7db8a14060cf5bae0a58cf949c9359632600824ed04cb8c1b5476f93140884"
  solver-name = "gps-cdcl"
  solver-version = 1
